
Microsoft Visual Studio Solution File, Format Version 12.00
# Visual Studio 15
VisualStudioVersion = 15.0.28307.489
MinimumVisualStudioVersion = 10.0.40219.1
Project("{FAE04EC0-301F-11D3-BF4B-00C04F79EFBC}") = "NumbersGame", "NumbersGame\NumbersGame.csproj", "{CDA7680E-5891-4D5B-B7D6-7F78C6F2E2BA}"
EndProject
Global
	GlobalSection(SolutionConfigurationPlatforms) = preSolution
		Debug|Any CPU = Debug|Any CPU
		Release|Any CPU = Release|Any CPU
	EndGlobalSection
	GlobalSection(ProjectConfigurationPlatforms) = postSolution
		{CDA7680E-5891-4D5B-B7D6-7F78C6F2E2BA}.Debug|Any CPU.ActiveCfg = Debug|Any CPU
		{CDA7680E-5891-4D5B-B7D6-7F78C6F2E2BA}.Debug|Any CPU.Build.0 = Debug|Any CPU
		{CDA7680E-5891-4D5B-B7D6-7F78C6F2E2BA}.Release|Any CPU.ActiveCfg = Release|Any CPU
		{CDA7680E-5891-4D5B-B7D6-7F78C6F2E2BA}.Release|Any CPU.Build.0 = Release|Any CPU
	EndGlobalSection
	GlobalSection(SolutionProperties) = preSolution
		HideSolutionNode = FALSE
	EndGlobalSection
	GlobalSection(ExtensibilityGlobals) = postSolution
		SolutionGuid = {3A5242D6-93AC-4C6F-A7EE-18DDEE032953}
	EndGlobalSection
EndGlobal
